
Microsoft Visual Studio Solution File, Format Version 12.00
# Visual Studio Version 17
VisualStudioVersion = 17.8.34322.80
MinimumVisualStudioVersion = 10.0.40219.1
Project("{FAE04EC0-301F-11D3-BF4B-00C04F79EFBC}") = "ramand", "ramand\ramand.csproj", "{2C717388-36A6-4CDF-88DB-116F625D0934}"
EndProject
Global
	GlobalSection(SolutionConfigurationPlatforms) = preSolution
		Debug|Any CPU = Debug|Any CPU
		Release|Any CPU = Release|Any CPU
	EndGlobalSection
	GlobalSection(ProjectConfigurationPlatforms) = postSolution
		{2C717388-36A6-4CDF-88DB-116F625D0934}.Debug|Any CPU.ActiveCfg = Debug|Any CPU
		{2C717388-36A6-4CDF-88DB-116F625D0934}.Debug|Any CPU.Build.0 = Debug|Any CPU
		{2C717388-36A6-4CDF-88DB-116F625D0934}.Release|Any CPU.ActiveCfg = Release|Any CPU
		{2C717388-36A6-4CDF-88DB-116F625D0934}.Release|Any CPU.Build.0 = Release|Any CPU
	EndGlobalSection
	GlobalSection(SolutionProperties) = preSolution
		HideSolutionNode = FALSE
	EndGlobalSection
	GlobalSection(ExtensibilityGlobals) = postSolution
		SolutionGuid = {44915030-66B5-473F-B4FC-ACBEA567E776}
	EndGlobalSection
EndGlobal
